
Microsoft Visual Studio Solution File, Format Version 12.00
# Visual Studio Version 16
VisualStudioVersion = 16.0.30907.101
MinimumVisualStudioVersion = 10.0.40219.1
Project("{FAE04EC0-301F-11D3-BF4B-00C04F79EFBC}") = "EpamHomeTask1", "EpamHomeTask1\EpamHomeTask1.csproj", "{FD5885CE-D09C-476C-A81D-C8D869CC9DFA}"
EndProject
Global
	GlobalSection(SolutionConfigurationPlatforms) = preSolution
		Debug|Any CPU = Debug|Any CPU
		Release|Any CPU = Release|Any CPU
	EndGlobalSection
	GlobalSection(ProjectConfigurationPlatforms) = postSolution
		{FD5885CE-D09C-476C-A81D-C8D869CC9DFA}.Debug|Any CPU.ActiveCfg = Debug|Any CPU
		{FD5885CE-D09C-476C-A81D-C8D869CC9DFA}.Debug|Any CPU.Build.0 = Debug|Any CPU
		{FD5885CE-D09C-476C-A81D-C8D869CC9DFA}.Release|Any CPU.ActiveCfg = Release|Any CPU
		{FD5885CE-D09C-476C-A81D-C8D869CC9DFA}.Release|Any CPU.Build.0 = Release|Any CPU
	EndGlobalSection
	GlobalSection(SolutionProperties) = preSolution
		HideSolutionNode = FALSE
	EndGlobalSection
	GlobalSection(ExtensibilityGlobals) = postSolution
		SolutionGuid = {18ADC909-AE61-4253-9B65-C1253A5BDC5C}
	EndGlobalSection
EndGlobal
