
Microsoft Visual Studio Solution File, Format Version 12.00
# Visual Studio Version 16
VisualStudioVersion = 16.0.31019.35
MinimumVisualStudioVersion = 10.0.40219.1
Project("{FAE04EC0-301F-11D3-BF4B-00C04F79EFBC}") = "Task 3.1", "Task 3.1\Task 3.1.csproj", "{B01B3CD1-1326-4B26-91F2-E4AED3D40964}"
EndProject
Global
	GlobalSection(SolutionConfigurationPlatforms) = preSolution
		Debug|Any CPU = Debug|Any CPU
		Release|Any CPU = Release|Any CPU
	EndGlobalSection
	GlobalSection(ProjectConfigurationPlatforms) = postSolution
		{B01B3CD1-1326-4B26-91F2-E4AED3D40964}.Debug|Any CPU.ActiveCfg = Debug|Any CPU
		{B01B3CD1-1326-4B26-91F2-E4AED3D40964}.Debug|Any CPU.Build.0 = Debug|Any CPU
		{B01B3CD1-1326-4B26-91F2-E4AED3D40964}.Release|Any CPU.ActiveCfg = Release|Any CPU
		{B01B3CD1-1326-4B26-91F2-E4AED3D40964}.Release|Any CPU.Build.0 = Release|Any CPU
	EndGlobalSection
	GlobalSection(SolutionProperties) = preSolution
		HideSolutionNode = FALSE
	EndGlobalSection
	GlobalSection(ExtensibilityGlobals) = postSolution
		SolutionGuid = {89631681-676A-494E-B45A-F5205BD07279}
	EndGlobalSection
EndGlobal
