
Microsoft Visual Studio Solution File, Format Version 12.00
# Visual Studio Version 16
VisualStudioVersion = 16.0.30907.101
MinimumVisualStudioVersion = 10.0.40219.1
Project("{FAE04EC0-301F-11D3-BF4B-00C04F79EFBC}") = "MyGit", "MyGit\MyGit.csproj", "{9B77928B-B4C9-4BA9-9CC5-7BDF4F2FE3E4}"
EndProject
Global
	GlobalSection(SolutionConfigurationPlatforms) = preSolution
		Debug|Any CPU = Debug|Any CPU
		Release|Any CPU = Release|Any CPU
	EndGlobalSection
	GlobalSection(ProjectConfigurationPlatforms) = postSolution
		{9B77928B-B4C9-4BA9-9CC5-7BDF4F2FE3E4}.Debug|Any CPU.ActiveCfg = Debug|Any CPU
		{9B77928B-B4C9-4BA9-9CC5-7BDF4F2FE3E4}.Debug|Any CPU.Build.0 = Debug|Any CPU
		{9B77928B-B4C9-4BA9-9CC5-7BDF4F2FE3E4}.Release|Any CPU.ActiveCfg = Release|Any CPU
		{9B77928B-B4C9-4BA9-9CC5-7BDF4F2FE3E4}.Release|Any CPU.Build.0 = Release|Any CPU
	EndGlobalSection
	GlobalSection(SolutionProperties) = preSolution
		HideSolutionNode = FALSE
	EndGlobalSection
	GlobalSection(ExtensibilityGlobals) = postSolution
		SolutionGuid = {7BBDA6B7-7B63-43C3-B5AB-424DF3B7A202}
	EndGlobalSection
EndGlobal
